
Microsoft Visual Studio Solution File, Format Version 12.00
# Visual Studio Version 17
VisualStudioVersion = 17.4.33213.308
MinimumVisualStudioVersion = 10.0.40219.1
Project("{FAE04EC0-301F-11D3-BF4B-00C04F79EFBC}") = "Test_New", "Test_New.csproj", "{0510EF3F-FD69-4070-9C62-D96F1FC64EEF}"
EndProject
Global
	GlobalSection(SolutionConfigurationPlatforms) = preSolution
		Debug|Any CPU = Debug|Any CPU
		Release|Any CPU = Release|Any CPU
	EndGlobalSection
	GlobalSection(ProjectConfigurationPlatforms) = postSolution
		{0510EF3F-FD69-4070-9C62-D96F1FC64EEF}.Debug|Any CPU.ActiveCfg = Debug|Any CPU
		{0510EF3F-FD69-4070-9C62-D96F1FC64EEF}.Debug|Any CPU.Build.0 = Debug|Any CPU
		{0510EF3F-FD69-4070-9C62-D96F1FC64EEF}.Release|Any CPU.ActiveCfg = Release|Any CPU
		{0510EF3F-FD69-4070-9C62-D96F1FC64EEF}.Release|Any CPU.Build.0 = Release|Any CPU
	EndGlobalSection
	GlobalSection(SolutionProperties) = preSolution
		HideSolutionNode = FALSE
	EndGlobalSection
	GlobalSection(ExtensibilityGlobals) = postSolution
		SolutionGuid = {AAF39F04-B6C5-4FB9-AB7A-BDAE5EB4885B}
	EndGlobalSection
EndGlobal
